
Microsoft Visual Studio Solution File, Format Version 12.00
# Visual Studio 14
VisualStudioVersion = 14.0.24720.0
MinimumVisualStudioVersion = 10.0.40219.1
Project("{FAE04EC0-301F-11D3-BF4B-00C04F79EFBC}") = "CardValidator2", "CardValidator2\CardValidator2.csproj", "{216103EE-B23C-49AA-8D17-765086E4EFBC}"
EndProject
Global
	GlobalSection(SolutionConfigurationPlatforms) = preSolution
		Debug|Any CPU = Debug|Any CPU
		Release|Any CPU = Release|Any CPU
	EndGlobalSection
	GlobalSection(ProjectConfigurationPlatforms) = postSolution
		{216103EE-B23C-49AA-8D17-765086E4EFBC}.Debug|Any CPU.ActiveCfg = Debug|Any CPU
		{216103EE-B23C-49AA-8D17-765086E4EFBC}.Debug|Any CPU.Build.0 = Debug|Any CPU
		{216103EE-B23C-49AA-8D17-765086E4EFBC}.Release|Any CPU.ActiveCfg = Release|Any CPU
		{216103EE-B23C-49AA-8D17-765086E4EFBC}.Release|Any CPU.Build.0 = Release|Any CPU
	EndGlobalSection
	GlobalSection(SolutionProperties) = preSolution
		HideSolutionNode = FALSE
	EndGlobalSection
EndGlobal
